// !$*UTF8*$!
{
	archiveVersion = 1;
	classes = {
	};
	objectVersion = 50;
	objects = {

/* Begin PBXBuildFile section */
		0554421E62721300DAE7D61A /* libPods-zyt_ydd.a in Frameworks */ = {isa = PBXBuildFile; fileRef = 1BE955B40D59B58572D0BEBA /* libPods-zyt_ydd.a */; };
		7916E47A2151EE50000F2BD2 /* AppDelegate.m in Sources */ = {isa = PBXBuildFile; fileRef = 7916E4792151EE50000F2BD2 /* AppDelegate.m */; };
		7916E47D2151EE50000F2BD2 /* ViewController.m in Sources */ = {isa = PBXBuildFile; fileRef = 7916E47C2151EE50000F2BD2 /* ViewController.m */; };
		7916E4802151EE50000F2BD2 /* Main.storyboard in Resources */ = {isa = PBXBuildFile; fileRef = 7916E47E2151EE50000F2BD2 /* Main.storyboard */; };
		7916E4822151EE52000F2BD2 /* Assets.xcassets in Resources */ = {isa = PBXBuildFile; fileRef = 7916E4812151EE52000F2BD2 /* Assets.xcassets */; };
		7916E4852151EE52000F2BD2 /* LaunchScreen.storyboard in Resources */ = {isa = PBXBuildFile; fileRef = 7916E4832151EE52000F2BD2 /* LaunchScreen.storyboard */; };
		7916E4882151EE52000F2BD2 /* main.m in Sources */ = {isa = PBXBuildFile; fileRef = 7916E4872151EE52000F2BD2 /* main.m */; };
		7916E4942151F4E4000F2BD2 /* DCBaseSetViewController.m in Sources */ = {isa = PBXBuildFile; fileRef = 7916E48E2151F4E3000F2BD2 /* DCBaseSetViewController.m */; };
		7916E4952151F4E4000F2BD2 /* DCNavigationController.m in Sources */ = {isa = PBXBuildFile; fileRef = 7916E48F2151F4E4000F2BD2 /* DCNavigationController.m */; };
		7916E4962151F4E4000F2BD2 /* DCTabBarController.m in Sources */ = {isa = PBXBuildFile; fileRef = 7916E4932151F4E4000F2BD2 /* DCTabBarController.m */; };
		7916E4B22151F528000F2BD2 /* NSObject+DCNull.m in Sources */ = {isa = PBXBuildFile; fileRef = 7916E4992151F528000F2BD2 /* NSObject+DCNull.m */; };
		7916E4B32151F528000F2BD2 /* UILabel+DCLabel.m in Sources */ = {isa = PBXBuildFile; fileRef = 7916E49A2151F528000F2BD2 /* UILabel+DCLabel.m */; };
		7916E4B42151F528000F2BD2 /* UIView+Frame.m in Sources */ = {isa = PBXBuildFile; fileRef = 7916E49B2151F528000F2BD2 /* UIView+Frame.m */; };
		7916E4B52151F528000F2BD2 /* UIView+Common.m in Sources */ = {isa = PBXBuildFile; fileRef = 7916E49D2151F528000F2BD2 /* UIView+Common.m */; };
		7916E4B62151F528000F2BD2 /* UIView+DCExtension.m in Sources */ = {isa = PBXBuildFile; fileRef = 7916E49E2151F528000F2BD2 /* UIView+DCExtension.m */; };
		7916E4B72151F528000F2BD2 /* UIImageView+DCExtension.m in Sources */ = {isa = PBXBuildFile; fileRef = 7916E49F2151F528000F2BD2 /* UIImageView+DCExtension.m */; };
		7916E4B82151F528000F2BD2 /* UIBarButtonItem+DCBarButtonItem.m in Sources */ = {isa = PBXBuildFile; fileRef = 7916E4A02151F528000F2BD2 /* UIBarButtonItem+DCBarButtonItem.m */; };
		7916E4B92151F528000F2BD2 /* UIImage+DCCircle.m in Sources */ = {isa = PBXBuildFile; fileRef = 7916E4A12151F528000F2BD2 /* UIImage+DCCircle.m */; };
		7916E4BA2151F528000F2BD2 /* NSURL+DCHook.m in Sources */ = {isa = PBXBuildFile; fileRef = 7916E4A52151F528000F2BD2 /* NSURL+DCHook.m */; };
		7916E4BB2151F528000F2BD2 /* UIColor+DCColorChange.m in Sources */ = {isa = PBXBuildFile; fileRef = 7916E4AB2151F528000F2BD2 /* UIColor+DCColorChange.m */; };
		7916E4BC2151F528000F2BD2 /* UIColor+expanded.m in Sources */ = {isa = PBXBuildFile; fileRef = 7916E4AD2151F528000F2BD2 /* UIColor+expanded.m */; };
		7916E4BD2151F528000F2BD2 /* UIImage+Common.m in Sources */ = {isa = PBXBuildFile; fileRef = 7916E4AE2151F528000F2BD2 /* UIImage+Common.m */; };
		7916E4BE2151F528000F2BD2 /* UILabel+Common.m in Sources */ = {isa = PBXBuildFile; fileRef = 7916E4AF2151F528000F2BD2 /* UILabel+Common.m */; };
		7916E4C22151F6A7000F2BD2 /* AVOSCloud.framework in Frameworks */ = {isa = PBXBuildFile; fileRef = 7916E4C12151F6A7000F2BD2 /* AVOSCloud.framework */; };
		7916E4C62151F7D4000F2BD2 /* GQGesVCTransition.m in Sources */ = {isa = PBXBuildFile; fileRef = 7916E4C42151F7D4000F2BD2 /* GQGesVCTransition.m */; };
		7916E4CB2151FAD3000F2BD2 /* ZYTCaimiyuFirstListCtl.m in Sources */ = {isa = PBXBuildFile; fileRef = 7916E4CA2151FAD3000F2BD2 /* ZYTCaimiyuFirstListCtl.m */; };
		7916E4CE2151FB78000F2BD2 /* ZYTBooksHomePageCtl.m in Sources */ = {isa = PBXBuildFile; fileRef = 7916E4CD2151FB78000F2BD2 /* ZYTBooksHomePageCtl.m */; };
		7916E4D12151FB82000F2BD2 /* ZYTXueweituFirstCtl.m in Sources */ = {isa = PBXBuildFile; fileRef = 7916E4D02151FB82000F2BD2 /* ZYTXueweituFirstCtl.m */; };
		7916E4D42151FB96000F2BD2 /* ZYTMineCtl.m in Sources */ = {isa = PBXBuildFile; fileRef = 7916E4D32151FB96000F2BD2 /* ZYTMineCtl.m */; };
		7916E4DC21522458000F2BD2 /* ZYTDataBaseManage.m in Sources */ = {isa = PBXBuildFile; fileRef = 7916E4DB21522458000F2BD2 /* ZYTDataBaseManage.m */; };
		7916E4DF21522F0C000F2BD2 /* riddles.db in Resources */ = {isa = PBXBuildFile; fileRef = 7916E4DE21522F0C000F2BD2 /* riddles.db */; };
		7916E4E3215234DC000F2BD2 /* CaiMiYuListCell.m in Sources */ = {isa = PBXBuildFile; fileRef = 7916E4E2215234DC000F2BD2 /* CaiMiYuListCell.m */; };
		7916E4EF21524B92000F2BD2 /* ZYTCaimiyuSecondListCtl.m in Sources */ = {isa = PBXBuildFile; fileRef = 7916E4EE21524B92000F2BD2 /* ZYTCaimiyuSecondListCtl.m */; };
		7916E4F2215339AD000F2BD2 /* ZYTItemCountModel.m in Sources */ = {isa = PBXBuildFile; fileRef = 7916E4F1215339AD000F2BD2 /* ZYTItemCountModel.m */; };
		7916E4F521533AFB000F2BD2 /* ZYTItemListModel.m in Sources */ = {isa = PBXBuildFile; fileRef = 7916E4F421533AFB000F2BD2 /* ZYTItemListModel.m */; };
		79A46F0D215CD25B00A8A140 /* ZYTAcupointDataManager.m in Sources */ = {isa = PBXBuildFile; fileRef = 79A46F0C215CD25B00A8A140 /* ZYTAcupointDataManager.m */; };
		79A46F10215CD65A00A8A140 /* AcupointListModel.m in Sources */ = {isa = PBXBuildFile; fileRef = 79A46F0F215CD65A00A8A140 /* AcupointListModel.m */; };
		79A46F13215CD66700A8A140 /* AcupointDetailModel.m in Sources */ = {isa = PBXBuildFile; fileRef = 79A46F12215CD66700A8A140 /* AcupointDetailModel.m */; };
		79A46F16215CDA0100A8A140 /* XueWeiTuListViewController.m in Sources */ = {isa = PBXBuildFile; fileRef = 79A46F15215CDA0100A8A140 /* XueWeiTuListViewController.m */; };
		79A46F19215CDAED00A8A140 /* XueWeiTuDetailViewController.m in Sources */ = {isa = PBXBuildFile; fileRef = 79A46F18215CDAED00A8A140 /* XueWeiTuDetailViewController.m */; };
		79A46F1B215CDBF200A8A140 /* acupuncture.db in Resources */ = {isa = PBXBuildFile; fileRef = 79A46F1A215CDBF100A8A140 /* acupuncture.db */; };
		79F38544215A38EF00A7C7EC /* ZYTCaimiyuDetailViewController.m in Sources */ = {isa = PBXBuildFile; fileRef = 79F38543215A38EF00A7C7EC /* ZYTCaimiyuDetailViewController.m */; };
		79F38547215A398A00A7C7EC /* ZYTAnswerView.m in Sources */ = {isa = PBXBuildFile; fileRef = 79F38546215A398A00A7C7EC /* ZYTAnswerView.m */; };
		79F3854A215A399A00A7C7EC /* ZYTOptionsAnswer.m in Sources */ = {isa = PBXBuildFile; fileRef = 79F38549215A399A00A7C7EC /* ZYTOptionsAnswer.m */; };
		79F3854D215A3C1B00A7C7EC /* ZYTAnswerModel.m in Sources */ = {isa = PBXBuildFile; fileRef = 79F3854C215A3C1B00A7C7EC /* ZYTAnswerModel.m */; };
		79F38550215B302100A7C7EC /* AnswerCell.m in Sources */ = {isa = PBXBuildFile; fileRef = 79F3854F215B302100A7C7EC /* AnswerCell.m */; };
		79F38553215B8FF700A7C7EC /* BookCell.m in Sources */ = {isa = PBXBuildFile; fileRef = 79F38552215B8FF700A7C7EC /* BookCell.m */; };
		79F38556215C6ADA00A7C7EC /* BookListModel.m in Sources */ = {isa = PBXBuildFile; fileRef = 79F38555215C6ADA00A7C7EC /* BookListModel.m */; };
		79F38559215C6FCA00A7C7EC /* BookListTableViewController.m in Sources */ = {isa = PBXBuildFile; fileRef = 79F38558215C6FCA00A7C7EC /* BookListTableViewController.m */; };
		79F3855C215C723F00A7C7EC /* BookContentViewController.m in Sources */ = {isa = PBXBuildFile; fileRef = 79F3855B215C723F00A7C7EC /* BookContentViewController.m */; };
		79F3855F215C76D900A7C7EC /* BookContentModel.m in Sources */ = {isa = PBXBuildFile; fileRef = 79F3855E215C76D900A7C7EC /* BookContentModel.m */; };
		79F38562215C76F700A7C7EC /* BookMuLuModel.m in Sources */ = {isa = PBXBuildFile; fileRef = 79F38561215C76F700A7C7EC /* BookMuLuModel.m */; };
		79F38565215C788C00A7C7EC /* BookBaseModel.m in Sources */ = {isa = PBXBuildFile; fileRef = 79F38564215C788C00A7C7EC /* BookBaseModel.m */; };
		79F38568215C78E400A7C7EC /* ZYTHardbyBookDataManager.m in Sources */ = {isa = PBXBuildFile; fileRef = 79F38567215C78E400A7C7EC /* ZYTHardbyBookDataManager.m */; };
		79F3856A215C79C800A7C7EC /* hardbybook.db in Resources */ = {isa = PBXBuildFile; fileRef = 79F38569215C79C800A7C7EC /* hardbybook.db */; };
		79F3856D215CB1E800A7C7EC /* ZYTNewBookDataManager.m in Sources */ = {isa = PBXBuildFile; fileRef = 79F3856C215CB1E800A7C7EC /* ZYTNewBookDataManager.m */; };
		79F3856F215CB63300A7C7EC /* newbook.db in Resources */ = {isa = PBXBuildFile; fileRef = 79F3856E215CB63300A7C7EC /* newbook.db */; };
/* End PBXBuildFile section */

/* Begin PBXFileReference section */
		1938ED734ECB94AE375582AE /* Pods-zyt_ydd.release.xcconfig */ = {isa = PBXFileReference; includeInIndex = 1; lastKnownFileType = text.xcconfig; name = "Pods-zyt_ydd.release.xcconfig"; path = "Pods/Target Support Files/Pods-zyt_ydd/Pods-zyt_ydd.release.xcconfig"; sourceTree = "<group>"; };
		1BE955B40D59B58572D0BEBA /* libPods-zyt_ydd.a */ = {isa = PBXFileReference; explicitFileType = archive.ar; includeInIndex = 0; path = "libPods-zyt_ydd.a"; sourceTree = BUILT_PRODUCTS_DIR; };
		7916E4752151EE50000F2BD2 /* zyt_ydd.app */ = {isa = PBXFileReference; explicitFileType = wrapper.application; includeInIndex = 0; path = zyt_ydd.app; sourceTree = BUILT_PRODUCTS_DIR; };
		7916E4782151EE50000F2BD2 /* AppDelegate.h */ = {isa = PBXFileReference; lastKnownFileType = sourcecode.c.h; path = AppDelegate.h; sourceTree = "<group>"; };
		7916E4792151EE50000F2BD2 /* AppDelegate.m */ = {isa = PBXFileReference; lastKnownFileType = sourcecode.c.objc; path = AppDelegate.m; sourceTree = "<group>"; };
		7916E47B2151EE50000F2BD2 /* ViewController.h */ = {isa = PBXFileReference; lastKnownFileType = sourcecode.c.h; path = ViewController.h; sourceTree = "<group>"; };
		7916E47C2151EE50000F2BD2 /* ViewController.m */ = {isa = PBXFileReference; lastKnownFileType = sourcecode.c.objc; path = ViewController.m; sourceTree = "<group>"; };
		7916E47F2151EE50000F2BD2 /* Base */ = {isa = PBXFileReference; lastKnownFileType = file.storyboard; name = Base; path = Base.lproj/Main.storyboard; sourceTree = "<group>"; };
		7916E4812151EE52000F2BD2 /* Assets.xcassets */ = {isa = PBXFileReference; lastKnownFileType = folder.assetcatalog; path = Assets.xcassets; sourceTree = "<group>"; };
		7916E4842151EE52000F2BD2 /* Base */ = {isa = PBXFileReference; lastKnownFileType = file.storyboard; name = Base; path = Base.lproj/LaunchScreen.storyboard; sourceTree = "<group>"; };
		7916E4862151EE52000F2BD2 /* Info.plist */ = {isa = PBXFileReference; lastKnownFileType = text.plist.xml; path = Info.plist; sourceTree = "<group>"; };
		7916E4872151EE52000F2BD2 /* main.m */ = {isa = PBXFileReference; lastKnownFileType = sourcecode.c.objc; path = main.m; sourceTree = "<group>"; };
		7916E48E2151F4E3000F2BD2 /* DCBaseSetViewController.m */ = {isa = PBXFileReference; fileEncoding = 4; lastKnownFileType = sourcecode.c.objc; path = DCBaseSetViewController.m; sourceTree = "<group>"; };
		7916E48F2151F4E4000F2BD2 /* DCNavigationController.m */ = {isa = PBXFileReference; fileEncoding = 4; lastKnownFileType = sourcecode.c.objc; path = DCNavigationController.m; sourceTree = "<group>"; };
		7916E4902151F4E4000F2BD2 /* DCBaseSetViewController.h */ = {isa = PBXFileReference; fileEncoding = 4; lastKnownFileType = sourcecode.c.h; path = DCBaseSetViewController.h; sourceTree = "<group>"; };
		7916E4912151F4E4000F2BD2 /* DCTabBarController.h */ = {isa = PBXFileReference; fileEncoding = 4; lastKnownFileType = sourcecode.c.h; path = DCTabBarController.h; sourceTree = "<group>"; };
		7916E4922151F4E4000F2BD2 /* DCNavigationController.h */ = {isa = PBXFileReference; fileEncoding = 4; lastKnownFileType = sourcecode.c.h; path = DCNavigationController.h; sourceTree = "<group>"; };
		7916E4932151F4E4000F2BD2 /* DCTabBarController.m */ = {isa = PBXFileReference; fileEncoding = 4; lastKnownFileType = sourcecode.c.objc; path = DCTabBarController.m; sourceTree = "<group>"; };
		7916E4982151F528000F2BD2 /* NSURL+DCHook.h */ = {isa = PBXFileReference; fileEncoding = 4; lastKnownFileType = sourcecode.c.h; path = "NSURL+DCHook.h"; sourceTree = "<group>"; };
		7916E4992151F528000F2BD2 /* NSObject+DCNull.m */ = {isa = PBXFileReference; fileEncoding = 4; lastKnownFileType = sourcecode.c.objc; path = "NSObject+DCNull.m"; sourceTree = "<group>"; };
		7916E49A2151F528000F2BD2 /* UILabel+DCLabel.m */ = {isa = PBXFileReference; fileEncoding = 4; lastKnownFileType = sourcecode.c.objc; path = "UILabel+DCLabel.m"; sourceTree = "<group>"; };
		7916E49B2151F528000F2BD2 /* UIView+Frame.m */ = {isa = PBXFileReference; fileEncoding = 4; lastKnownFileType = sourcecode.c.objc; path = "UIView+Frame.m"; sourceTree = "<group>"; };
		7916E49C2151F528000F2BD2 /* UIColor+DCColorChange.h */ = {isa = PBXFileReference; fileEncoding = 4; lastKnownFileType = sourcecode.c.h; path = "UIColor+DCColorChange.h"; sourceTree = "<group>"; };
		7916E49D2151F528000F2BD2 /* UIView+Common.m */ = {isa = PBXFileReference; fileEncoding = 4; lastKnownFileType = sourcecode.c.objc; path = "UIView+Common.m"; sourceTree = "<group>"; };
		7916E49E2151F528000F2BD2 /* UIView+DCExtension.m */ = {isa = PBXFileReference; fileEncoding = 4; lastKnownFileType = sourcecode.c.objc; path = "UIView+DCExtension.m"; sourceTree = "<group>"; };
		7916E49F2151F528000F2BD2 /* UIImageView+DCExtension.m */ = {isa = PBXFileReference; fileEncoding = 4; lastKnownFileType = sourcecode.c.objc; path = "UIImageView+DCExtension.m"; sourceTree = "<group>"; };
		7916E4A02151F528000F2BD2 /* UIBarButtonItem+DCBarButtonItem.m */ = {isa = PBXFileReference; fileEncoding = 4; lastKnownFileType = sourcecode.c.objc; path = "UIBarButtonItem+DCBarButtonItem.m"; sourceTree = "<group>"; };
		7916E4A12151F528000F2BD2 /* UIImage+DCCircle.m */ = {isa = PBXFileReference; fileEncoding = 4; lastKnownFileType = sourcecode.c.objc; path = "UIImage+DCCircle.m"; sourceTree = "<group>"; };
		7916E4A22151F528000F2BD2 /* UILabel+Common.h */ = {isa = PBXFileReference; fileEncoding = 4; lastKnownFileType = sourcecode.c.h; path = "UILabel+Common.h"; sourceTree = "<group>"; };
		7916E4A32151F528000F2BD2 /* UIImage+Common.h */ = {isa = PBXFileReference; fileEncoding = 4; lastKnownFileType = sourcecode.c.h; path = "UIImage+Common.h"; sourceTree = "<group>"; };
		7916E4A42151F528000F2BD2 /* UIColor+expanded.h */ = {isa = PBXFileReference; fileEncoding = 4; lastKnownFileType = sourcecode.c.h; path = "UIColor+expanded.h"; sourceTree = "<group>"; };
		7916E4A52151F528000F2BD2 /* NSURL+DCHook.m */ = {isa = PBXFileReference; fileEncoding = 4; lastKnownFileType = sourcecode.c.objc; path = "NSURL+DCHook.m"; sourceTree = "<group>"; };
		7916E4A62151F528000F2BD2 /* UILabel+DCLabel.h */ = {isa = PBXFileReference; fileEncoding = 4; lastKnownFileType = sourcecode.c.h; path = "UILabel+DCLabel.h"; sourceTree = "<group>"; };
		7916E4A72151F528000F2BD2 /* NSObject+DCNull.h */ = {isa = PBXFileReference; fileEncoding = 4; lastKnownFileType = sourcecode.c.h; path = "NSObject+DCNull.h"; sourceTree = "<group>"; };
		7916E4A82151F528000F2BD2 /* UIImageView+DCExtension.h */ = {isa = PBXFileReference; fileEncoding = 4; lastKnownFileType = sourcecode.c.h; path = "UIImageView+DCExtension.h"; sourceTree = "<group>"; };
		7916E4A92151F528000F2BD2 /* UIView+DCExtension.h */ = {isa = PBXFileReference; fileEncoding = 4; lastKnownFileType = sourcecode.c.h; path = "UIView+DCExtension.h"; sourceTree = "<group>"; };
		7916E4AA2151F528000F2BD2 /* UIView+Common.h */ = {isa = PBXFileReference; fileEncoding = 4; lastKnownFileType = sourcecode.c.h; path = "UIView+Common.h"; sourceTree = "<group>"; };
		7916E4AB2151F528000F2BD2 /* UIColor+DCColorChange.m */ = {isa = PBXFileReference; fileEncoding = 4; lastKnownFileType = sourcecode.c.objc; path = "UIColor+DCColorChange.m"; sourceTree = "<group>"; };
		7916E4AC2151F528000F2BD2 /* UIView+Frame.h */ = {isa = PBXFileReference; fileEncoding = 4; lastKnownFileType = sourcecode.c.h; path = "UIView+Frame.h"; sourceTree = "<group>"; };
		7916E4AD2151F528000F2BD2 /* UIColor+expanded.m */ = {isa = PBXFileReference; fileEncoding = 4; lastKnownFileType = sourcecode.c.objc; path = "UIColor+expanded.m"; sourceTree = "<group>"; };
		7916E4AE2151F528000F2BD2 /* UIImage+Common.m */ = {isa = PBXFileReference; fileEncoding = 4; lastKnownFileType = sourcecode.c.objc; path = "UIImage+Common.m"; sourceTree = "<group>"; };
		7916E4AF2151F528000F2BD2 /* UILabel+Common.m */ = {isa = PBXFileReference; fileEncoding = 4; lastKnownFileType = sourcecode.c.objc; path = "UILabel+Common.m"; sourceTree = "<group>"; };
		7916E4B02151F528000F2BD2 /* UIImage+DCCircle.h */ = {isa = PBXFileReference; fileEncoding = 4; lastKnownFileType = sourcecode.c.h; path = "UIImage+DCCircle.h"; sourceTree = "<group>"; };
		7916E4B12151F528000F2BD2 /* UIBarButtonItem+DCBarButtonItem.h */ = {isa = PBXFileReference; fileEncoding = 4; lastKnownFileType = sourcecode.c.h; path = "UIBarButtonItem+DCBarButtonItem.h"; sourceTree = "<group>"; };
		7916E4C02151F676000F2BD2 /* PrefixHeader.pch */ = {isa = PBXFileReference; fileEncoding = 4; lastKnownFileType = sourcecode.c.h; path = PrefixHeader.pch; sourceTree = "<group>"; };
		7916E4C12151F6A7000F2BD2 /* AVOSCloud.framework */ = {isa = PBXFileReference; lastKnownFileType = wrapper.framework; path = AVOSCloud.framework; sourceTree = "<group>"; };
		7916E4C42151F7D4000F2BD2 /* GQGesVCTransition.m */ = {isa = PBXFileReference; fileEncoding = 4; lastKnownFileType = sourcecode.c.objc; path = GQGesVCTransition.m; sourceTree = "<group>"; };
		7916E4C52151F7D4000F2BD2 /* GQGesVCTransition.h */ = {isa = PBXFileReference; fileEncoding = 4; lastKnownFileType = sourcecode.c.h; path = GQGesVCTransition.h; sourceTree = "<group>"; };
		7916E4C72151F810000F2BD2 /* Macros.h */ = {isa = PBXFileReference; fileEncoding = 4; lastKnownFileType = sourcecode.c.h; path = Macros.h; sourceTree = "<group>"; };
		7916E4C92151FAD3000F2BD2 /* ZYTCaimiyuFirstListCtl.h */ = {isa = PBXFileReference; lastKnownFileType = sourcecode.c.h; path = ZYTCaimiyuFirstListCtl.h; sourceTree = "<group>"; };
		7916E4CA2151FAD3000F2BD2 /* ZYTCaimiyuFirstListCtl.m */ = {isa = PBXFileReference; lastKnownFileType = sourcecode.c.objc; path = ZYTCaimiyuFirstListCtl.m; sourceTree = "<group>"; };
		7916E4CC2151FB78000F2BD2 /* ZYTBooksHomePageCtl.h */ = {isa = PBXFileReference; lastKnownFileType = sourcecode.c.h; path = ZYTBooksHomePageCtl.h; sourceTree = "<group>"; };
		7916E4CD2151FB78000F2BD2 /* ZYTBooksHomePageCtl.m */ = {isa = PBXFileReference; lastKnownFileType = sourcecode.c.objc; path = ZYTBooksHomePageCtl.m; sourceTree = "<group>"; };
		7916E4CF2151FB82000F2BD2 /* ZYTXueweituFirstCtl.h */ = {isa = PBXFileReference; lastKnownFileType = sourcecode.c.h; path = ZYTXueweituFirstCtl.h; sourceTree = "<group>"; };
		7916E4D02151FB82000F2BD2 /* ZYTXueweituFirstCtl.m */ = {isa = PBXFileReference; lastKnownFileType = sourcecode.c.objc; path = ZYTXueweituFirstCtl.m; sourceTree = "<group>"; };
		7916E4D22151FB96000F2BD2 /* ZYTMineCtl.h */ = {isa = PBXFileReference; lastKnownFileType = sourcecode.c.h; path = ZYTMineCtl.h; sourceTree = "<group>"; };
		7916E4D32151FB96000F2BD2 /* ZYTMineCtl.m */ = {isa = PBXFileReference; lastKnownFileType = sourcecode.c.objc; path = ZYTMineCtl.m; sourceTree = "<group>"; };
		7916E4DA21522458000F2BD2 /* ZYTDataBaseManage.h */ = {isa = PBXFileReference; lastKnownFileType = sourcecode.c.h; path = ZYTDataBaseManage.h; sourceTree = "<group>"; };
		7916E4DB21522458000F2BD2 /* ZYTDataBaseManage.m */ = {isa = PBXFileReference; lastKnownFileType = sourcecode.c.objc; path = ZYTDataBaseManage.m; sourceTree = "<group>"; };
		7916E4DE21522F0C000F2BD2 /* riddles.db */ = {isa = PBXFileReference; lastKnownFileType = file; path = riddles.db; sourceTree = "<group>"; };
		7916E4E1215234DC000F2BD2 /* CaiMiYuListCell.h */ = {isa = PBXFileReference; lastKnownFileType = sourcecode.c.h; path = CaiMiYuListCell.h; sourceTree = "<group>"; };
		7916E4E2215234DC000F2BD2 /* CaiMiYuListCell.m */ = {isa = PBXFileReference; lastKnownFileType = sourcecode.c.objc; path = CaiMiYuListCell.m; sourceTree = "<group>"; };
		7916E4ED21524B92000F2BD2 /* ZYTCaimiyuSecondListCtl.h */ = {isa = PBXFileReference; lastKnownFileType = sourcecode.c.h; path = ZYTCaimiyuSecondListCtl.h; sourceTree = "<group>"; };
		7916E4EE21524B92000F2BD2 /* ZYTCaimiyuSecondListCtl.m */ = {isa = PBXFileReference; lastKnownFileType = sourcecode.c.objc; path = ZYTCaimiyuSecondListCtl.m; sourceTree = "<group>"; };
		7916E4F0215339AD000F2BD2 /* ZYTItemCountModel.h */ = {isa = PBXFileReference; lastKnownFileType = sourcecode.c.h; path = ZYTItemCountModel.h; sourceTree = "<group>"; };
		7916E4F1215339AD000F2BD2 /* ZYTItemCountModel.m */ = {isa = PBXFileReference; lastKnownFileType = sourcecode.c.objc; path = ZYTItemCountModel.m; sourceTree = "<group>"; };
		7916E4F321533AFB000F2BD2 /* ZYTItemListModel.h */ = {isa = PBXFileReference; lastKnownFileType = sourcecode.c.h; path = ZYTItemListModel.h; sourceTree = "<group>"; };
		7916E4F421533AFB000F2BD2 /* ZYTItemListModel.m */ = {isa = PBXFileReference; lastKnownFileType = sourcecode.c.objc; path = ZYTItemListModel.m; sourceTree = "<group>"; };
		79A46F0B215CD25B00A8A140 /* ZYTAcupointDataManager.h */ = {isa = PBXFileReference; lastKnownFileType = sourcecode.c.h; path = ZYTAcupointDataManager.h; sourceTree = "<group>"; };
		79A46F0C215CD25B00A8A140 /* ZYTAcupointDataManager.m */ = {isa = PBXFileReference; lastKnownFileType = sourcecode.c.objc; path = ZYTAcupointDataManager.m; sourceTree = "<group>"; };
		79A46F0E215CD65900A8A140 /* AcupointListModel.h */ = {isa = PBXFileReference; lastKnownFileType = sourcecode.c.h; path = AcupointListModel.h; sourceTree = "<group>"; };
		79A46F0F215CD65A00A8A140 /* AcupointListModel.m */ = {isa = PBXFileReference; lastKnownFileType = sourcecode.c.objc; path = AcupointListModel.m; sourceTree = "<group>"; };
		79A46F11215CD66700A8A140 /* AcupointDetailModel.h */ = {isa = PBXFileReference; lastKnownFileType = sourcecode.c.h; path = AcupointDetailModel.h; sourceTree = "<group>"; };
		79A46F12215CD66700A8A140 /* AcupointDetailModel.m */ = {isa = PBXFileReference; lastKnownFileType = sourcecode.c.objc; path = AcupointDetailModel.m; sourceTree = "<group>"; };
		79A46F14215CDA0100A8A140 /* XueWeiTuListViewController.h */ = {isa = PBXFileReference; lastKnownFileType = sourcecode.c.h; path = XueWeiTuListViewController.h; sourceTree = "<group>"; };
		79A46F15215CDA0100A8A140 /* XueWeiTuListViewController.m */ = {isa = PBXFileReference; lastKnownFileType = sourcecode.c.objc; path = XueWeiTuListViewController.m; sourceTree = "<group>"; };
		79A46F17215CDAED00A8A140 /* XueWeiTuDetailViewController.h */ = {isa = PBXFileReference; lastKnownFileType = sourcecode.c.h; path = XueWeiTuDetailViewController.h; sourceTree = "<group>"; };
		79A46F18215CDAED00A8A140 /* XueWeiTuDetailViewController.m */ = {isa = PBXFileReference; lastKnownFileType = sourcecode.c.objc; path = XueWeiTuDetailViewController.m; sourceTree = "<group>"; };
		79A46F1A215CDBF100A8A140 /* acupuncture.db */ = {isa = PBXFileReference; lastKnownFileType = file; path = acupuncture.db; sourceTree = "<group>"; };
		79F38542215A38EF00A7C7EC /* ZYTCaimiyuDetailViewController.h */ = {isa = PBXFileReference; lastKnownFileType = sourcecode.c.h; path = ZYTCaimiyuDetailViewController.h; sourceTree = "<group>"; };
		79F38543215A38EF00A7C7EC /* ZYTCaimiyuDetailViewController.m */ = {isa = PBXFileReference; lastKnownFileType = sourcecode.c.objc; path = ZYTCaimiyuDetailViewController.m; sourceTree = "<group>"; };
		79F38545215A398A00A7C7EC /* ZYTAnswerView.h */ = {isa = PBXFileReference; lastKnownFileType = sourcecode.c.h; path = ZYTAnswerView.h; sourceTree = "<group>"; };
		79F38546215A398A00A7C7EC /* ZYTAnswerView.m */ = {isa = PBXFileReference; lastKnownFileType = sourcecode.c.objc; path = ZYTAnswerView.m; sourceTree = "<group>"; };
		79F38548215A399A00A7C7EC /* ZYTOptionsAnswer.h */ = {isa = PBXFileReference; lastKnownFileType = sourcecode.c.h; path = ZYTOptionsAnswer.h; sourceTree = "<group>"; };
		79F38549215A399A00A7C7EC /* ZYTOptionsAnswer.m */ = {isa = PBXFileReference; lastKnownFileType = sourcecode.c.objc; path = ZYTOptionsAnswer.m; sourceTree = "<group>"; };
		79F3854B215A3C1B00A7C7EC /* ZYTAnswerModel.h */ = {isa = PBXFileReference; lastKnownFileType = sourcecode.c.h; path = ZYTAnswerModel.h; sourceTree = "<group>"; };
		79F3854C215A3C1B00A7C7EC /* ZYTAnswerModel.m */ = {isa = PBXFileReference; lastKnownFileType = sourcecode.c.objc; path = ZYTAnswerModel.m; sourceTree = "<group>"; };
		79F3854E215B302100A7C7EC /* AnswerCell.h */ = {isa = PBXFileReference; lastKnownFileType = sourcecode.c.h; path = AnswerCell.h; sourceTree = "<group>"; };
		79F3854F215B302100A7C7EC /* AnswerCell.m */ = {isa = PBXFileReference; lastKnownFileType = sourcecode.c.objc; path = AnswerCell.m; sourceTree = "<group>"; };
		79F38551215B8FF700A7C7EC /* BookCell.h */ = {isa = PBXFileReference; lastKnownFileType = sourcecode.c.h; path = BookCell.h; sourceTree = "<group>"; };
		79F38552215B8FF700A7C7EC /* BookCell.m */ = {isa = PBXFileReference; lastKnownFileType = sourcecode.c.objc; path = BookCell.m; sourceTree = "<group>"; };
		79F38554215C6ADA00A7C7EC /* BookListModel.h */ = {isa = PBXFileReference; lastKnownFileType = sourcecode.c.h; path = BookListModel.h; sourceTree = "<group>"; };
		79F38555215C6ADA00A7C7EC /* BookListModel.m */ = {isa = PBXFileReference; lastKnownFileType = sourcecode.c.objc; path = BookListModel.m; sourceTree = "<group>"; };
		79F38557215C6FCA00A7C7EC /* BookListTableViewController.h */ = {isa = PBXFileReference; lastKnownFileType = sourcecode.c.h; path = BookListTableViewController.h; sourceTree = "<group>"; };
		79F38558215C6FCA00A7C7EC /* BookListTableViewController.m */ = {isa = PBXFileReference; lastKnownFileType = sourcecode.c.objc; path = BookListTableViewController.m; sourceTree = "<group>"; };
		79F3855A215C723F00A7C7EC /* BookContentViewController.h */ = {isa = PBXFileReference; lastKnownFileType = sourcecode.c.h; path = BookContentViewController.h; sourceTree = "<group>"; };
		79F3855B215C723F00A7C7EC /* BookContentViewController.m */ = {isa = PBXFileReference; lastKnownFileType = sourcecode.c.objc; path = BookContentViewController.m; sourceTree = "<group>"; };
		79F3855D215C76D800A7C7EC /* BookContentModel.h */ = {isa = PBXFileReference; lastKnownFileType = sourcecode.c.h; path = BookContentModel.h; sourceTree = "<group>"; };
		79F3855E215C76D900A7C7EC /* BookContentModel.m */ = {isa = PBXFileReference; lastKnownFileType = sourcecode.c.objc; path = BookContentModel.m; sourceTree = "<group>"; };
		79F38560215C76F700A7C7EC /* BookMuLuModel.h */ = {isa = PBXFileReference; lastKnownFileType = sourcecode.c.h; path = BookMuLuModel.h; sourceTree = "<group>"; };
		79F38561215C76F700A7C7EC /* BookMuLuModel.m */ = {isa = PBXFileReference; lastKnownFileType = sourcecode.c.objc; path = BookMuLuModel.m; sourceTree = "<group>"; };
		79F38563215C788C00A7C7EC /* BookBaseModel.h */ = {isa = PBXFileReference; lastKnownFileType = sourcecode.c.h; path = BookBaseModel.h; sourceTree = "<group>"; };
		79F38564215C788C00A7C7EC /* BookBaseModel.m */ = {isa = PBXFileReference; lastKnownFileType = sourcecode.c.objc; path = BookBaseModel.m; sourceTree = "<group>"; };
		79F38566215C78E400A7C7EC /* ZYTHardbyBookDataManager.h */ = {isa = PBXFileReference; lastKnownFileType = sourcecode.c.h; path = ZYTHardbyBookDataManager.h; sourceTree = "<group>"; };
		79F38567215C78E400A7C7EC /* ZYTHardbyBookDataManager.m */ = {isa = PBXFileReference; lastKnownFileType = sourcecode.c.objc; path = ZYTHardbyBookDataManager.m; sourceTree = "<group>"; };
		79F38569215C79C800A7C7EC /* hardbybook.db */ = {isa = PBXFileReference; lastKnownFileType = file; path = hardbybook.db; sourceTree = "<group>"; };
		79F3856B215CB1E800A7C7EC /* ZYTNewBookDataManager.h */ = {isa = PBXFileReference; lastKnownFileType = sourcecode.c.h; path = ZYTNewBookDataManager.h; sourceTree = "<group>"; };
		79F3856C215CB1E800A7C7EC /* ZYTNewBookDataManager.m */ = {isa = PBXFileReference; lastKnownFileType = sourcecode.c.objc; path = ZYTNewBookDataManager.m; sourceTree = "<group>"; };
		79F3856E215CB63300A7C7EC /* newbook.db */ = {isa = PBXFileReference; lastKnownFileType = file; path = newbook.db; sourceTree = "<group>"; };
		9A5E08C9F927136A915DD549 /* Pods-zyt_ydd.debug.xcconfig */ = {isa = PBXFileReference; includeInIndex = 1; lastKnownFileType = text.xcconfig; name = "Pods-zyt_ydd.debug.xcconfig"; path = "Pods/Target Support Files/Pods-zyt_ydd/Pods-zyt_ydd.debug.xcconfig"; sourceTree = "<group>"; };
/* End PBXFileReference section */

/* Begin PBXFrameworksBuildPhase section */
		7916E4722151EE50000F2BD2 /* Frameworks */ = {
			isa = PBXFrameworksBuildPhase;
			buildActionMask = 2147483647;
			files = (
				7916E4C22151F6A7000F2BD2 /* AVOSCloud.framework in Frameworks */,
				0554421E62721300DAE7D61A /* libPods-zyt_ydd.a in Frameworks */,
			);
			runOnlyForDeploymentPostprocessing = 0;
		};
/* End PBXFrameworksBuildPhase section */

/* Begin PBXGroup section */
		7916E46C2151EE50000F2BD2 = {
			isa = PBXGroup;
			children = (
				7916E4772151EE50000F2BD2 /* zyt_ydd */,
				7916E4762151EE50000F2BD2 /* Products */,
				AF2E354BBB73343C49252D74 /* Pods */,
				B502B77DA2008B96C760CD0E /* Frameworks */,
			);
			sourceTree = "<group>";
		};
		7916E4762151EE50000F2BD2 /* Products */ = {
			isa = PBXGroup;
			children = (
				7916E4752151EE50000F2BD2 /* zyt_ydd.app */,
			);
			name = Products;
			sourceTree = "<group>";
		};
		7916E4772151EE50000F2BD2 /* zyt_ydd */ = {
			isa = PBXGroup;
			children = (
				7916E4DD21522D23000F2BD2 /* dbfile */,
				7916E4D921522444000F2BD2 /* Manager */,
				7916E4D521522345000F2BD2 /* Model */,
				7916E4C82151FA31000F2BD2 /* ViewController */,
				7916E4C72151F810000F2BD2 /* Macros.h */,
				7916E4C32151F7D4000F2BD2 /* GQGesVCTransition */,
				7916E4972151F528000F2BD2 /* Category */,
				7916E4782151EE50000F2BD2 /* AppDelegate.h */,
				7916E4792151EE50000F2BD2 /* AppDelegate.m */,
				7916E4902151F4E4000F2BD2 /* DCBaseSetViewController.h */,
				7916E48E2151F4E3000F2BD2 /* DCBaseSetViewController.m */,
				7916E4922151F4E4000F2BD2 /* DCNavigationController.h */,
				7916E48F2151F4E4000F2BD2 /* DCNavigationController.m */,
				7916E4912151F4E4000F2BD2 /* DCTabBarController.h */,
				7916E4932151F4E4000F2BD2 /* DCTabBarController.m */,
				7916E47B2151EE50000F2BD2 /* ViewController.h */,
				7916E47C2151EE50000F2BD2 /* ViewController.m */,
				7916E4C02151F676000F2BD2 /* PrefixHeader.pch */,
				7916E47E2151EE50000F2BD2 /* Main.storyboard */,
				7916E4812151EE52000F2BD2 /* Assets.xcassets */,
				7916E4832151EE52000F2BD2 /* LaunchScreen.storyboard */,
				7916E4862151EE52000F2BD2 /* Info.plist */,
				7916E4872151EE52000F2BD2 /* main.m */,
			);
			path = zyt_ydd;
			sourceTree = "<group>";
		};
		7916E4972151F528000F2BD2 /* Category */ = {
			isa = PBXGroup;
			children = (
				7916E4982151F528000F2BD2 /* NSURL+DCHook.h */,
				7916E4992151F528000F2BD2 /* NSObject+DCNull.m */,
				7916E49A2151F528000F2BD2 /* UILabel+DCLabel.m */,
				7916E49B2151F528000F2BD2 /* UIView+Frame.m */,
				7916E49C2151F528000F2BD2 /* UIColor+DCColorChange.h */,
				7916E49D2151F528000F2BD2 /* UIView+Common.m */,
				7916E49E2151F528000F2BD2 /* UIView+DCExtension.m */,
				7916E49F2151F528000F2BD2 /* UIImageView+DCExtension.m */,
				7916E4A02151F528000F2BD2 /* UIBarButtonItem+DCBarButtonItem.m */,
				7916E4A12151F528000F2BD2 /* UIImage+DCCircle.m */,
				7916E4A22151F528000F2BD2 /* UILabel+Common.h */,
				7916E4A32151F528000F2BD2 /* UIImage+Common.h */,
				7916E4A42151F528000F2BD2 /* UIColor+expanded.h */,
				7916E4A52151F528000F2BD2 /* NSURL+DCHook.m */,
				7916E4A62151F528000F2BD2 /* UILabel+DCLabel.h */,
				7916E4A72151F528000F2BD2 /* NSObject+DCNull.h */,
				7916E4A82151F528000F2BD2 /* UIImageView+DCExtension.h */,
				7916E4A92151F528000F2BD2 /* UIView+DCExtension.h */,
				7916E4AA2151F528000F2BD2 /* UIView+Common.h */,
				7916E4AB2151F528000F2BD2 /* UIColor+DCColorChange.m */,
				7916E4AC2151F528000F2BD2 /* UIView+Frame.h */,
				7916E4AD2151F528000F2BD2 /* UIColor+expanded.m */,
				7916E4AE2151F528000F2BD2 /* UIImage+Common.m */,
				7916E4AF2151F528000F2BD2 /* UILabel+Common.m */,
				7916E4B02151F528000F2BD2 /* UIImage+DCCircle.h */,
				7916E4B12151F528000F2BD2 /* UIBarButtonItem+DCBarButtonItem.h */,
			);
			path = Category;
			sourceTree = "<group>";
		};
		7916E4C32151F7D4000F2BD2 /* GQGesVCTransition */ = {
			isa = PBXGroup;
			children = (
				7916E4C42151F7D4000F2BD2 /* GQGesVCTransition.m */,
				7916E4C52151F7D4000F2BD2 /* GQGesVCTransition.h */,
			);
			path = GQGesVCTransition;
			sourceTree = "<group>";
		};
		7916E4C82151FA31000F2BD2 /* ViewController */ = {
			isa = PBXGroup;
			children = (
				7916E4E0215234C2000F2BD2 /* View */,
				7916E4C92151FAD3000F2BD2 /* ZYTCaimiyuFirstListCtl.h */,
				7916E4CA2151FAD3000F2BD2 /* ZYTCaimiyuFirstListCtl.m */,
				7916E4ED21524B92000F2BD2 /* ZYTCaimiyuSecondListCtl.h */,
				7916E4EE21524B92000F2BD2 /* ZYTCaimiyuSecondListCtl.m */,
				79F38542215A38EF00A7C7EC /* ZYTCaimiyuDetailViewController.h */,
				79F38543215A38EF00A7C7EC /* ZYTCaimiyuDetailViewController.m */,
				7916E4CC2151FB78000F2BD2 /* ZYTBooksHomePageCtl.h */,
				7916E4CD2151FB78000F2BD2 /* ZYTBooksHomePageCtl.m */,
				79F38557215C6FCA00A7C7EC /* BookListTableViewController.h */,
				79F38558215C6FCA00A7C7EC /* BookListTableViewController.m */,
				79F3855A215C723F00A7C7EC /* BookContentViewController.h */,
				79F3855B215C723F00A7C7EC /* BookContentViewController.m */,
				7916E4CF2151FB82000F2BD2 /* ZYTXueweituFirstCtl.h */,
				7916E4D02151FB82000F2BD2 /* ZYTXueweituFirstCtl.m */,
				79A46F14215CDA0100A8A140 /* XueWeiTuListViewController.h */,
				79A46F15215CDA0100A8A140 /* XueWeiTuListViewController.m */,
				79A46F17215CDAED00A8A140 /* XueWeiTuDetailViewController.h */,
				79A46F18215CDAED00A8A140 /* XueWeiTuDetailViewController.m */,
				7916E4D22151FB96000F2BD2 /* ZYTMineCtl.h */,
				7916E4D32151FB96000F2BD2 /* ZYTMineCtl.m */,
			);
			path = ViewController;
			sourceTree = "<group>";
		};
		7916E4D521522345000F2BD2 /* Model */ = {
			isa = PBXGroup;
			children = (
				7916E4F0215339AD000F2BD2 /* ZYTItemCountModel.h */,
				7916E4F1215339AD000F2BD2 /* ZYTItemCountModel.m */,
				7916E4F321533AFB000F2BD2 /* ZYTItemListModel.h */,
				7916E4F421533AFB000F2BD2 /* ZYTItemListModel.m */,
				79F38554215C6ADA00A7C7EC /* BookListModel.h */,
				79F38555215C6ADA00A7C7EC /* BookListModel.m */,
				79F38563215C788C00A7C7EC /* BookBaseModel.h */,
				79F38564215C788C00A7C7EC /* BookBaseModel.m */,
				79F38560215C76F700A7C7EC /* BookMuLuModel.h */,
				79F38561215C76F700A7C7EC /* BookMuLuModel.m */,
				79F3855D215C76D800A7C7EC /* BookContentModel.h */,
				79F3855E215C76D900A7C7EC /* BookContentModel.m */,
				79A46F0E215CD65900A8A140 /* AcupointListModel.h */,
				79A46F0F215CD65A00A8A140 /* AcupointListModel.m */,
				79A46F11215CD66700A8A140 /* AcupointDetailModel.h */,
				79A46F12215CD66700A8A140 /* AcupointDetailModel.m */,
			);
			path = Model;
			sourceTree = "<group>";
		};
		7916E4D921522444000F2BD2 /* Manager */ = {
			isa = PBXGroup;
			children = (
				7916E4DA21522458000F2BD2 /* ZYTDataBaseManage.h */,
				7916E4DB21522458000F2BD2 /* ZYTDataBaseManage.m */,
				79F38566215C78E400A7C7EC /* ZYTHardbyBookDataManager.h */,
				79F38567215C78E400A7C7EC /* ZYTHardbyBookDataManager.m */,
				79F3856B215CB1E800A7C7EC /* ZYTNewBookDataManager.h */,
				79F3856C215CB1E800A7C7EC /* ZYTNewBookDataManager.m */,
				79A46F0B215CD25B00A8A140 /* ZYTAcupointDataManager.h */,
				79A46F0C215CD25B00A8A140 /* ZYTAcupointDataManager.m */,
			);
			name = Manager;
			sourceTree = "<group>";
		};
		7916E4DD21522D23000F2BD2 /* dbfile */ = {
			isa = PBXGroup;
			children = (
				79A46F1A215CDBF100A8A140 /* acupuncture.db */,
				79F3856E215CB63300A7C7EC /* newbook.db */,
				79F38569215C79C800A7C7EC /* hardbybook.db */,
				7916E4DE21522F0C000F2BD2 /* riddles.db */,
			);
			path = dbfile;
			sourceTree = "<group>";
		};
		7916E4E0215234C2000F2BD2 /* View */ = {
			isa = PBXGroup;
			children = (
				7916E4E1215234DC000F2BD2 /* CaiMiYuListCell.h */,
				7916E4E2215234DC000F2BD2 /* CaiMiYuListCell.m */,
				79F3854B215A3C1B00A7C7EC /* ZYTAnswerModel.h */,
				79F3854C215A3C1B00A7C7EC /* ZYTAnswerModel.m */,
				79F38545215A398A00A7C7EC /* ZYTAnswerView.h */,
				79F38546215A398A00A7C7EC /* ZYTAnswerView.m */,
				79F38548215A399A00A7C7EC /* ZYTOptionsAnswer.h */,
				79F38549215A399A00A7C7EC /* ZYTOptionsAnswer.m */,
				79F3854E215B302100A7C7EC /* AnswerCell.h */,
				79F3854F215B302100A7C7EC /* AnswerCell.m */,
				79F38551215B8FF700A7C7EC /* BookCell.h */,
				79F38552215B8FF700A7C7EC /* BookCell.m */,
			);
			path = View;
			sourceTree = "<group>";
		};
		AF2E354BBB73343C49252D74 /* Pods */ = {
			isa = PBXGroup;
			children = (
				9A5E08C9F927136A915DD549 /* Pods-zyt_ydd.debug.xcconfig */,
				1938ED734ECB94AE375582AE /* Pods-zyt_ydd.release.xcconfig */,
			);
			name = Pods;
			sourceTree = "<group>";
		};
		B502B77DA2008B96C760CD0E /* Frameworks */ = {
			isa = PBXGroup;
			children = (
				7916E4C12151F6A7000F2BD2 /* AVOSCloud.framework */,
				1BE955B40D59B58572D0BEBA /* libPods-zyt_ydd.a */,
			);
			name = Frameworks;
			sourceTree = "<group>";
		};
/* End PBXGroup section */

/* Begin PBXNativeTarget section */
		7916E4742151EE50000F2BD2 /* zyt_ydd */ = {
			isa = PBXNativeTarget;
			buildConfigurationList = 7916E48B2151EE52000F2BD2 /* Build configuration list for PBXNativeTarget "zyt_ydd" */;
			buildPhases = (
				FC837DA2858D6A1B07FFF7BC /* [CP] Check Pods Manifest.lock */,
				7916E4712151EE50000F2BD2 /* Sources */,
				7916E4722151EE50000F2BD2 /* Frameworks */,
				7916E4732151EE50000F2BD2 /* Resources */,
				DED4C2A37447821CA19BA0BD /* [CP] Copy Pods Resources */,
			);
			buildRules = (
			);
			dependencies = (
			);
			name = zyt_ydd;
			productName = zyt_ydd;
			productReference = 7916E4752151EE50000F2BD2 /* zyt_ydd.app */;
			productType = "com.apple.product-type.application";
		};
/* End PBXNativeTarget section */

/* Begin PBXProject section */
		7916E46D2151EE50000F2BD2 /* Project object */ = {
			isa = PBXProject;
			attributes = {
				LastUpgradeCheck = 0940;
				ORGANIZATIONNAME = perfay;
				TargetAttributes = {
					7916E4742151EE50000F2BD2 = {
						CreatedOnToolsVersion = 9.4.1;
					};
				};
			};
			buildConfigurationList = 7916E4702151EE50000F2BD2 /* Build configuration list for PBXProject "zyt_ydd" */;
			compatibilityVersion = "Xcode 9.3";
			developmentRegion = en;
			hasScannedForEncodings = 0;
			knownRegions = (
				en,
				Base,
			);
			mainGroup = 7916E46C2151EE50000F2BD2;
			productRefGroup = 7916E4762151EE50000F2BD2 /* Products */;
			projectDirPath = "";
			projectRoot = "";
			targets = (
				7916E4742151EE50000F2BD2 /* zyt_ydd */,
			);
		};
/* End PBXProject section */

/* Begin PBXResourcesBuildPhase section */
		7916E4732151EE50000F2BD2 /* Resources */ = {
			isa = PBXResourcesBuildPhase;
			buildActionMask = 2147483647;
			files = (
				7916E4852151EE52000F2BD2 /* LaunchScreen.storyboard in Resources */,
				7916E4DF21522F0C000F2BD2 /* riddles.db in Resources */,
				79A46F1B215CDBF200A8A140 /* acupuncture.db in Resources */,
				7916E4822151EE52000F2BD2 /* Assets.xcassets in Resources */,
				79F3856F215CB63300A7C7EC /* newbook.db in Resources */,
				7916E4802151EE50000F2BD2 /* Main.storyboard in Resources */,
				79F3856A215C79C800A7C7EC /* hardbybook.db in Resources */,
			);
			runOnlyForDeploymentPostprocessing = 0;
		};
/* End PBXResourcesBuildPhase section */

/* Begin PBXShellScriptBuildPhase section */
		DED4C2A37447821CA19BA0BD /* [CP] Copy Pods Resources */ = {
			isa = PBXShellScriptBuildPhase;
			buildActionMask = 2147483647;
			files = (
			);
			inputPaths = (
				"${SRCROOT}/Pods/Target Support Files/Pods-zyt_ydd/Pods-zyt_ydd-resources.sh",
				"${PODS_ROOT}/IQKeyboardManager/IQKeyboardManager/Resources/IQKeyboardManager.bundle",
				"${PODS_ROOT}/MJRefresh/MJRefresh/MJRefresh.bundle",
				"${PODS_ROOT}/SVProgressHUD/SVProgressHUD/SVProgressHUD.bundle",
				"${PODS_ROOT}/TZImagePickerController/TZImagePickerController/TZImagePickerController/TZImagePickerController.bundle",
			);
			name = "[CP] Copy Pods Resources";
			outputPaths = (
				"${TARGET_BUILD_DIR}/${UNLOCALIZED_RESOURCES_FOLDER_PATH}/IQKeyboardManager.bundle",
				"${TARGET_BUILD_DIR}/${UNLOCALIZED_RESOURCES_FOLDER_PATH}/MJRefresh.bundle",
				"${TARGET_BUILD_DIR}/${UNLOCALIZED_RESOURCES_FOLDER_PATH}/SVProgressHUD.bundle",
				"${TARGET_BUILD_DIR}/${UNLOCALIZED_RESOURCES_FOLDER_PATH}/TZImagePickerController.bundle",
			);
			runOnlyForDeploymentPostprocessing = 0;
			shellPath = /bin/sh;
			shellScript = "\"${SRCROOT}/Pods/Target Support Files/Pods-zyt_ydd/Pods-zyt_ydd-resources.sh\"\n";
			showEnvVarsInLog = 0;
		};
		FC837DA2858D6A1B07FFF7BC /* [CP] Check Pods Manifest.lock */ = {
			isa = PBXShellScriptBuildPhase;
			buildActionMask = 2147483647;
			files = (
			);
			inputPaths = (
				"${PODS_PODFILE_DIR_PATH}/Podfile.lock",
				"${PODS_ROOT}/Manifest.lock",
			);
			name = "[CP] Check Pods Manifest.lock";
			outputPaths = (
				"$(DERIVED_FILE_DIR)/Pods-zyt_ydd-checkManifestLockResult.txt",
			);
			runOnlyForDeploymentPostprocessing = 0;
			shellPath = /bin/sh;
			shellScript = "diff \"${PODS_PODFILE_DIR_PATH}/Podfile.lock\" \"${PODS_ROOT}/Manifest.lock\" > /dev/null\nif [ $? != 0 ] ; then\n    # print error to STDERR\n    echo \"error: The sandbox is not in sync with the Podfile.lock. Run 'pod install' or update your CocoaPods installation.\" >&2\n    exit 1\nfi\n# This output is used by Xcode 'outputs' to avoid re-running this script phase.\necho \"SUCCESS\" > \"${SCRIPT_OUTPUT_FILE_0}\"\n";
			showEnvVarsInLog = 0;
		};
/* End PBXShellScriptBuildPhase section */

/* Begin PBXSourcesBuildPhase section */
		7916E4712151EE50000F2BD2 /* Sources */ = {
			isa = PBXSourcesBuildPhase;
			buildActionMask = 2147483647;
			files = (
				7916E4D12151FB82000F2BD2 /* ZYTXueweituFirstCtl.m in Sources */,
				7916E47D2151EE50000F2BD2 /* ViewController.m in Sources */,
				7916E4D42151FB96000F2BD2 /* ZYTMineCtl.m in Sources */,
				79A46F16215CDA0100A8A140 /* XueWeiTuListViewController.m in Sources */,
				7916E4B52151F528000F2BD2 /* UIView+Common.m in Sources */,
				7916E4CB2151FAD3000F2BD2 /* ZYTCaimiyuFirstListCtl.m in Sources */,
				7916E4BA2151F528000F2BD2 /* NSURL+DCHook.m in Sources */,
				79A46F0D215CD25B00A8A140 /* ZYTAcupointDataManager.m in Sources */,
				7916E4942151F4E4000F2BD2 /* DCBaseSetViewController.m in Sources */,
				79F3856D215CB1E800A7C7EC /* ZYTNewBookDataManager.m in Sources */,
				79F38550215B302100A7C7EC /* AnswerCell.m in Sources */,
				79A46F19215CDAED00A8A140 /* XueWeiTuDetailViewController.m in Sources */,
				79F38568215C78E400A7C7EC /* ZYTHardbyBookDataManager.m in Sources */,
				79F38553215B8FF700A7C7EC /* BookCell.m in Sources */,
				7916E4BE2151F528000F2BD2 /* UILabel+Common.m in Sources */,
				7916E4B22151F528000F2BD2 /* NSObject+DCNull.m in Sources */,
				7916E4B92151F528000F2BD2 /* UIImage+DCCircle.m in Sources */,
				7916E4BB2151F528000F2BD2 /* UIColor+DCColorChange.m in Sources */,
				79F3855C215C723F00A7C7EC /* BookContentViewController.m in Sources */,
				79F3854D215A3C1B00A7C7EC /* ZYTAnswerModel.m in Sources */,
				7916E4B42151F528000F2BD2 /* UIView+Frame.m in Sources */,
				7916E4E3215234DC000F2BD2 /* CaiMiYuListCell.m in Sources */,
				79F38559215C6FCA00A7C7EC /* BookListTableViewController.m in Sources */,
				7916E4B82151F528000F2BD2 /* UIBarButtonItem+DCBarButtonItem.m in Sources */,
				7916E4BC2151F528000F2BD2 /* UIColor+expanded.m in Sources */,
				7916E4962151F4E4000F2BD2 /* DCTabBarController.m in Sources */,
				79F3854A215A399A00A7C7EC /* ZYTOptionsAnswer.m in Sources */,
				79F3855F215C76D900A7C7EC /* BookContentModel.m in Sources */,
				7916E4B32151F528000F2BD2 /* UILabel+DCLabel.m in Sources */,
				7916E4CE2151FB78000F2BD2 /* ZYTBooksHomePageCtl.m in Sources */,
				79F38562215C76F700A7C7EC /* BookMuLuModel.m in Sources */,
				79A46F10215CD65A00A8A140 /* AcupointListModel.m in Sources */,
				7916E4F2215339AD000F2BD2 /* ZYTItemCountModel.m in Sources */,
				79F38547215A398A00A7C7EC /* ZYTAnswerView.m in Sources */,
				7916E4C62151F7D4000F2BD2 /* GQGesVCTransition.m in Sources */,
				79A46F13215CD66700A8A140 /* AcupointDetailModel.m in Sources */,
				7916E4882151EE52000F2BD2 /* main.m in Sources */,
				79F38556215C6ADA00A7C7EC /* BookListModel.m in Sources */,
				7916E4952151F4E4000F2BD2 /* DCNavigationController.m in Sources */,
				79F38544215A38EF00A7C7EC /* ZYTCaimiyuDetailViewController.m in Sources */,
				7916E4DC21522458000F2BD2 /* ZYTDataBaseManage.m in Sources */,
				79F38565215C788C00A7C7EC /* BookBaseModel.m in Sources */,
				7916E4B62151F528000F2BD2 /* UIView+DCExtension.m in Sources */,
				7916E47A2151EE50000F2BD2 /* AppDelegate.m in Sources */,
				7916E4BD2151F528000F2BD2 /* UIImage+Common.m in Sources */,
				7916E4B72151F528000F2BD2 /* UIImageView+DCExtension.m in Sources */,
				7916E4EF21524B92000F2BD2 /* ZYTCaimiyuSecondListCtl.m in Sources */,
				7916E4F521533AFB000F2BD2 /* ZYTItemListModel.m in Sources */,
			);
			runOnlyForDeploymentPostprocessing = 0;
		};
/* End PBXSourcesBuildPhase section */

/* Begin PBXVariantGroup section */
		7916E47E2151EE50000F2BD2 /* Main.storyboard */ = {
			isa = PBXVariantGroup;
			children = (
				7916E47F2151EE50000F2BD2 /* Base */,
			);
			name = Main.storyboard;
			sourceTree = "<group>";
		};
		7916E4832151EE52000F2BD2 /* LaunchScreen.storyboard */ = {
			isa = PBXVariantGroup;
			children = (
				7916E4842151EE52000F2BD2 /* Base */,
			);
			name = LaunchScreen.storyboard;
			sourceTree = "<group>";
		};
/* End PBXVariantGroup section */

/* Begin XCBuildConfiguration section */
		7916E4892151EE52000F2BD2 /* Debug */ = {
			isa = XCBuildConfiguration;
			buildSettings = {
				ALWAYS_SEARCH_USER_PATHS = NO;
				CLANG_ANALYZER_NONNULL = YES;
				CLANG_ANALYZER_NUMBER_OBJECT_CONVERSION = YES_AGGRESSIVE;
				CLANG_CXX_LANGUAGE_STANDARD = "gnu++14";
				CLANG_CXX_LIBRARY = "libc++";
				CLANG_ENABLE_MODULES = YES;
				CLANG_ENABLE_OBJC_ARC = YES;
				CLANG_ENABLE_OBJC_WEAK = YES;
				CLANG_WARN_BLOCK_CAPTURE_AUTORELEASING = YES;
				CLANG_WARN_BOOL_CONVERSION = YES;
				CLANG_WARN_COMMA = YES;
				CLANG_WARN_CONSTANT_CONVERSION = YES;
				CLANG_WARN_DEPRECATED_OBJC_IMPLEMENTATIONS = YES;
				CLANG_WARN_DIRECT_OBJC_ISA_USAGE = YES_ERROR;
				CLANG_WARN_DOCUMENTATION_COMMENTS = YES;
				CLANG_WARN_EMPTY_BODY = YES;
				CLANG_WARN_ENUM_CONVERSION = YES;
				CLANG_WARN_INFINITE_RECURSION = YES;
				CLANG_WARN_INT_CONVERSION = YES;
				CLANG_WARN_NON_LITERAL_NULL_CONVERSION = YES;
				CLANG_WARN_OBJC_IMPLICIT_RETAIN_SELF = YES;
				CLANG_WARN_OBJC_LITERAL_CONVERSION = YES;
				CLANG_WARN_OBJC_ROOT_CLASS = YES_ERROR;
				CLANG_WARN_RANGE_LOOP_ANALYSIS = YES;
				CLANG_WARN_STRICT_PROTOTYPES = YES;
				CLANG_WARN_SUSPICIOUS_MOVE = YES;
				CLANG_WARN_UNGUARDED_AVAILABILITY = YES_AGGRESSIVE;
				CLANG_WARN_UNREACHABLE_CODE = YES;
				CLANG_WARN__DUPLICATE_METHOD_MATCH = YES;
				CODE_SIGN_IDENTITY = "iPhone Developer";
				COPY_PHASE_STRIP = NO;
				DEBUG_INFORMATION_FORMAT = dwarf;
				ENABLE_STRICT_OBJC_MSGSEND = YES;
				ENABLE_TESTABILITY = YES;
				GCC_C_LANGUAGE_STANDARD = gnu11;
				GCC_DYNAMIC_NO_PIC = NO;
				GCC_NO_COMMON_BLOCKS = YES;
				GCC_OPTIMIZATION_LEVEL = 0;
				GCC_PREPROCESSOR_DEFINITIONS = (
					"DEBUG=1",
					"$(inherited)",
				);
				GCC_WARN_64_TO_32_BIT_CONVERSION = YES;
				GCC_WARN_ABOUT_RETURN_TYPE = YES_ERROR;
				GCC_WARN_UNDECLARED_SELECTOR = YES;
				GCC_WARN_UNINITIALIZED_AUTOS = YES_AGGRESSIVE;
				GCC_WARN_UNUSED_FUNCTION = YES;
				GCC_WARN_UNUSED_VARIABLE = YES;
				IPHONEOS_DEPLOYMENT_TARGET = 11.4;
				MTL_ENABLE_DEBUG_INFO = YES;
				ONLY_ACTIVE_ARCH = YES;
				SDKROOT = iphoneos;
			};
			name = Debug;
		};
		7916E48A2151EE52000F2BD2 /* Release */ = {
			isa = XCBuildConfiguration;
			buildSettings = {
				ALWAYS_SEARCH_USER_PATHS = NO;
				CLANG_ANALYZER_NONNULL = YES;
				CLANG_ANALYZER_NUMBER_OBJECT_CONVERSION = YES_AGGRESSIVE;
				CLANG_CXX_LANGUAGE_STANDARD = "gnu++14";
				CLANG_CXX_LIBRARY = "libc++";
				CLANG_ENABLE_MODULES = YES;
				CLANG_ENABLE_OBJC_ARC = YES;
				CLANG_ENABLE_OBJC_WEAK = YES;
				CLANG_WARN_BLOCK_CAPTURE_AUTORELEASING = YES;
				CLANG_WARN_BOOL_CONVERSION = YES;
				CLANG_WARN_COMMA = YES;
				CLANG_WARN_CONSTANT_CONVERSION = YES;
				CLANG_WARN_DEPRECATED_OBJC_IMPLEMENTATIONS = YES;
				CLANG_WARN_DIRECT_OBJC_ISA_USAGE = YES_ERROR;
				CLANG_WARN_DOCUMENTATION_COMMENTS = YES;
				CLANG_WARN_EMPTY_BODY = YES;
				CLANG_WARN_ENUM_CONVERSION = YES;
				CLANG_WARN_INFINITE_RECURSION = YES;
				CLANG_WARN_INT_CONVERSION = YES;
				CLANG_WARN_NON_LITERAL_NULL_CONVERSION = YES;
				CLANG_WARN_OBJC_IMPLICIT_RETAIN_SELF = YES;
				CLANG_WARN_OBJC_LITERAL_CONVERSION = YES;
				CLANG_WARN_OBJC_ROOT_CLASS = YES_ERROR;
				CLANG_WARN_RANGE_LOOP_ANALYSIS = YES;
				CLANG_WARN_STRICT_PROTOTYPES = YES;
				CLANG_WARN_SUSPICIOUS_MOVE = YES;
				CLANG_WARN_UNGUARDED_AVAILABILITY = YES_AGGRESSIVE;
				CLANG_WARN_UNREACHABLE_CODE = YES;
				CLANG_WARN__DUPLICATE_METHOD_MATCH = YES;
				CODE_SIGN_IDENTITY = "iPhone Developer";
				COPY_PHASE_STRIP = NO;
				DEBUG_INFORMATION_FORMAT = "dwarf-with-dsym";
				ENABLE_NS_ASSERTIONS = NO;
				ENABLE_STRICT_OBJC_MSGSEND = YES;
				GCC_C_LANGUAGE_STANDARD = gnu11;
				GCC_NO_COMMON_BLOCKS = YES;
				GCC_WARN_64_TO_32_BIT_CONVERSION = YES;
				GCC_WARN_ABOUT_RETURN_TYPE = YES_ERROR;
				GCC_WARN_UNDECLARED_SELECTOR = YES;
				GCC_WARN_UNINITIALIZED_AUTOS = YES_AGGRESSIVE;
				GCC_WARN_UNUSED_FUNCTION = YES;
				GCC_WARN_UNUSED_VARIABLE = YES;
				IPHONEOS_DEPLOYMENT_TARGET = 11.4;
				MTL_ENABLE_DEBUG_INFO = NO;
				SDKROOT = iphoneos;
				VALIDATE_PRODUCT = YES;
			};
			name = Release;
		};
		7916E48C2151EE52000F2BD2 /* Debug */ = {
			isa = XCBuildConfiguration;
			baseConfigurationReference = 9A5E08C9F927136A915DD549 /* Pods-zyt_ydd.debug.xcconfig */;
			buildSettings = {
				ASSETCATALOG_COMPILER_APPICON_NAME = AppIcon;
				CODE_SIGN_STYLE = Automatic;
				DEVELOPMENT_TEAM = AC3QX9VJ78;
				FRAMEWORK_SEARCH_PATHS = (
					"$(inherited)",
					"$(PROJECT_DIR)",
				);
				GCC_PREFIX_HEADER = zyt_ydd/PrefixHeader.pch;
				INFOPLIST_FILE = zyt_ydd/Info.plist;
				IPHONEOS_DEPLOYMENT_TARGET = 9.0;
				LD_RUNPATH_SEARCH_PATHS = (
					"$(inherited)",
					"@executable_path/Frameworks",
				);
				PRODUCT_BUNDLE_IDENTIFIER = "com.perfay.zyt-ydd";
				PRODUCT_NAME = "$(TARGET_NAME)";
				TARGETED_DEVICE_FAMILY = "1,2";
			};
			name = Debug;
		};
		7916E48D2151EE52000F2BD2 /* Release */ = {
			isa = XCBuildConfiguration;
			baseConfigurationReference = 1938ED734ECB94AE375582AE /* Pods-zyt_ydd.release.xcconfig */;
			buildSettings = {
				ASSETCATALOG_COMPILER_APPICON_NAME = AppIcon;
				CODE_SIGN_STYLE = Automatic;
				DEVELOPMENT_TEAM = AC3QX9VJ78;
				FRAMEWORK_SEARCH_PATHS = (
					"$(inherited)",
					"$(PROJECT_DIR)",
				);
				GCC_PREFIX_HEADER = zyt_ydd/PrefixHeader.pch;
				INFOPLIST_FILE = zyt_ydd/Info.plist;
				IPHONEOS_DEPLOYMENT_TARGET = 9.0;
				LD_RUNPATH_SEARCH_PATHS = (
					"$(inherited)",
					"@executable_path/Frameworks",
				);
				PRODUCT_BUNDLE_IDENTIFIER = "com.perfay.zyt-ydd";
				PRODUCT_NAME = "$(TARGET_NAME)";
				TARGETED_DEVICE_FAMILY = "1,2";
			};
			name = Release;
		};
/* End XCBuildConfiguration section */

/* Begin XCConfigurationList section */
		7916E4702151EE50000F2BD2 /* Build configuration list for PBXProject "zyt_ydd" */ = {
			isa = XCConfigurationList;
			buildConfigurations = (
				7916E4892151EE52000F2BD2 /* Debug */,
				7916E48A2151EE52000F2BD2 /* Release */,
			);
			defaultConfigurationIsVisible = 0;
			defaultConfigurationName = Release;
		};
		7916E48B2151EE52000F2BD2 /* Build configuration list for PBXNativeTarget "zyt_ydd" */ = {
			isa = XCConfigurationList;
			buildConfigurations = (
				7916E48C2151EE52000F2BD2 /* Debug */,
				7916E48D2151EE52000F2BD2 /* Release */,
			);
			defaultConfigurationIsVisible = 0;
			defaultConfigurationName = Release;
		};
/* End XCConfigurationList section */
	};
	rootObject = 7916E46D2151EE50000F2BD2 /* Project object */;
}
